
Microsoft Visual Studio Solution File, Format Version 12.00
# Visual Studio Version 16
VisualStudioVersion = 16.0.30907.101
MinimumVisualStudioVersion = 10.0.40219.1
Project("{2150E333-8FDC-42A3-9474-1A3956D46DE8}") = "Services", "Services", "{760C65C2-E3A0-4E84-AEC2-FA5BBF017953}"
EndProject
Project("{2150E333-8FDC-42A3-9474-1A3956D46DE8}") = "Catalog", "Catalog", "{CD1BB72E-8EF1-49B4-9DD7-0398150BF90E}"
EndProject
Project("{9A19103F-16F7-4668-BE54-9A1E7A4F7556}") = "Catalog.UnitTests", "Services\Catalog\Catalog.UnitTests\Catalog.UnitTests.csproj", "{4EB3F416-C61B-4551-90FE-8D4E69B4D0DE}"
EndProject
Project("{9A19103F-16F7-4668-BE54-9A1E7A4F7556}") = "Catalog.API", "Services\Catalog\Catalog.API\Catalog.API.csproj", "{CDEE4DEB-C38B-4D59-BD1C-4595A41AC342}"
EndProject
Project("{E53339B2-1760-4266-BCC7-CA923CBCF16C}") = "docker-compose", "docker-compose.dcproj", "{9A733F6B-AAF2-4C34-9FE2-400339E7EA5E}"
EndProject
Project("{2150E333-8FDC-42A3-9474-1A3956D46DE8}") = "Basket", "Basket", "{3BD1AEF1-F25A-4A45-9EA2-8D0B91BD4E1D}"
EndProject
Project("{9A19103F-16F7-4668-BE54-9A1E7A4F7556}") = "Basket.API", "Services\Basket\Basket.API\Basket.API.csproj", "{D63AAD77-4296-4B35-9EB1-AB92FA5B39F7}"
EndProject
Project("{9A19103F-16F7-4668-BE54-9A1E7A4F7556}") = "Basket.UnitTests", "Services\Basket\Basket.UnitTests\Basket.UnitTests.csproj", "{2957D3B0-3462-4791-8EA3-973EB236D646}"
EndProject
Project("{2150E333-8FDC-42A3-9474-1A3956D46DE8}") = "Discount", "Discount", "{5A009D6C-77D9-42DE-ADAC-25C0086F37DE}"
EndProject
Project("{9A19103F-16F7-4668-BE54-9A1E7A4F7556}") = "Discount.API", "Services\Discount\Discount.API\Discount.API.csproj", "{50317986-E89E-4D39-88C0-6805A5B00C4A}"
EndProject
Project("{9A19103F-16F7-4668-BE54-9A1E7A4F7556}") = "Discount.UnitTests", "Services\Discount\Discount.UnitTests\Discount.UnitTests.csproj", "{05746107-ACAE-49B4-AD4D-5081348B1BB3}"
EndProject
Project("{9A19103F-16F7-4668-BE54-9A1E7A4F7556}") = "Discount.Grpc", "Services\Discount\Discount.Grpc\Discount.Grpc.csproj", "{50308519-4E96-4BB1-80B3-96510FBE926C}"
EndProject
Project("{2150E333-8FDC-42A3-9474-1A3956D46DE8}") = "Ordering", "Ordering", "{CB8F45C3-4316-4465-A123-F5C2FA1D612B}"
EndProject
Project("{9A19103F-16F7-4668-BE54-9A1E7A4F7556}") = "Ordering.API", "Services\Ordering\Ordering.API\Ordering.API.csproj", "{DF18FF3A-7249-4CA7-9983-7B73358D27E0}"
EndProject
Project("{9A19103F-16F7-4668-BE54-9A1E7A4F7556}") = "Ordering.Infrastructure", "Services\Ordering\Ordering.Infrastructure\Ordering.Infrastructure.csproj", "{E8CE77B3-E68C-4CEC-9AB1-B6ABCAF30115}"
EndProject
Project("{9A19103F-16F7-4668-BE54-9A1E7A4F7556}") = "Ordering.Application", "Services\Ordering\Ordering.Application\Ordering.Application.csproj", "{2C23E75C-3E49-4596-A9A2-54ECF0C5CD27}"
EndProject
Project("{9A19103F-16F7-4668-BE54-9A1E7A4F7556}") = "Ordering.Domain", "Services\Ordering\Ordering.Domain\Ordering.Domain.csproj", "{B3A4A60D-AB0B-44D5-96B4-24E68F0A75B4}"
EndProject
Project("{2150E333-8FDC-42A3-9474-1A3956D46DE8}") = "BuildingBlocks", "BuildingBlocks", "{376D5919-7217-44E1-A486-C745A6A6DC3C}"
EndProject
Project("{9A19103F-16F7-4668-BE54-9A1E7A4F7556}") = "EventBus.Messages", "BuildingBlocks\EventBus.Messages\EventBus.Messages.csproj", "{8AF11E6F-0595-427E-A229-7B01B004B7F3}"
EndProject
Project("{2150E333-8FDC-42A3-9474-1A3956D46DE8}") = "ApiGateways", "ApiGateways", "{C27EC66B-63F0-42FF-9557-7CE38E1D8833}"
EndProject
Project("{2150E333-8FDC-42A3-9474-1A3956D46DE8}") = "WebApps", "WebApps", "{E0EF4167-04FA-4258-A4D3-A6E26D457B2E}"
EndProject
Project("{9A19103F-16F7-4668-BE54-9A1E7A4F7556}") = "AspnetRunBasics", "WebApps\AspnetRunBasics\AspnetRunBasics.csproj", "{EFBA5B68-79E9-4EAB-827A-7BC848A00FB1}"
EndProject
Project("{9A19103F-16F7-4668-BE54-9A1E7A4F7556}") = "Statutory.Aggregator", "ApiGateways\Statutory.Aggregator\Statutory.Aggregator.csproj", "{37657606-1FE2-405B-B335-81588899897D}"
EndProject
Project("{9A19103F-16F7-4668-BE54-9A1E7A4F7556}") = "Common.Logging", "BuildingBlocks\Common.Logging\Common.Logging.csproj", "{1AF05DE1-57E8-46C5-B783-885E22290E45}"
EndProject
Project("{FAE04EC0-301F-11D3-BF4B-00C04F79EFBC}") = "WebStatus", "WebApps\WebStatus\WebStatus.csproj", "{2E153186-BD9A-463E-A54B-29E50B5D00A2}"
EndProject
Project("{2150E333-8FDC-42A3-9474-1A3956D46DE8}") = "EnvoyApiGw", "EnvoyApiGw", "{12A44C72-6943-47DA-979E-2443C2B2FA36}"
	ProjectSection(SolutionItems) = preProject
		ApiGateways\EnvoyApiGw\Dockerfile = ApiGateways\EnvoyApiGw\Dockerfile
		ApiGateways\EnvoyApiGw\envoy.yaml = ApiGateways\EnvoyApiGw\envoy.yaml
	EndProjectSection
EndProject
Project("{2150E333-8FDC-42A3-9474-1A3956D46DE8}") = "SMP", "SMP", "{58B97A96-12AC-40AF-B03D-3D2249B37C4F}"
EndProject
Project("{2150E333-8FDC-42A3-9474-1A3956D46DE8}") = "SSP", "SSP", "{5D43B5DA-1495-4943-887A-5C94475F32AC}"
EndProject
Project("{2150E333-8FDC-42A3-9474-1A3956D46DE8}") = "SAP", "SAP", "{00D1846E-E7EB-4B84-ABAB-C76900ED88A1}"
EndProject
Project("{2150E333-8FDC-42A3-9474-1A3956D46DE8}") = "HRMCStatutory", "HRMCStatutory", "{C8FF6F62-B20C-4DC2-8462-5F25211999D7}"
EndProject
Project("{FAE04EC0-301F-11D3-BF4B-00C04F79EFBC}") = "SAP.API", "Services\SAP.API\SAP.API.csproj", "{82530D97-C810-4CD2-B233-5E6CF2D358D6}"
EndProject
Project("{FAE04EC0-301F-11D3-BF4B-00C04F79EFBC}") = "HRMCStatutory.API", "Services\HRMCStatutory.API\HRMCStatutory.API.csproj", "{0571D84E-5901-46CE-B39A-2F7C9E7C25C3}"
EndProject
Project("{FAE04EC0-301F-11D3-BF4B-00C04F79EFBC}") = "SMP.API", "Services\SMP.API\SMP.API.csproj", "{0298C7F5-9210-4A79-B7D7-AD48978E4E91}"
EndProject
Global
	GlobalSection(SolutionConfigurationPlatforms) = preSolution
		Debug|Any CPU = Debug|Any CPU
		Release|Any CPU = Release|Any CPU
	EndGlobalSection
	GlobalSection(ProjectConfigurationPlatforms) = postSolution
		{4EB3F416-C61B-4551-90FE-8D4E69B4D0DE}.Debug|Any CPU.ActiveCfg = Debug|Any CPU
		{4EB3F416-C61B-4551-90FE-8D4E69B4D0DE}.Debug|Any CPU.Build.0 = Debug|Any CPU
		{4EB3F416-C61B-4551-90FE-8D4E69B4D0DE}.Release|Any CPU.ActiveCfg = Release|Any CPU
		{4EB3F416-C61B-4551-90FE-8D4E69B4D0DE}.Release|Any CPU.Build.0 = Release|Any CPU
		{CDEE4DEB-C38B-4D59-BD1C-4595A41AC342}.Debug|Any CPU.ActiveCfg = Debug|Any CPU
		{CDEE4DEB-C38B-4D59-BD1C-4595A41AC342}.Debug|Any CPU.Build.0 = Debug|Any CPU
		{CDEE4DEB-C38B-4D59-BD1C-4595A41AC342}.Release|Any CPU.ActiveCfg = Release|Any CPU
		{CDEE4DEB-C38B-4D59-BD1C-4595A41AC342}.Release|Any CPU.Build.0 = Release|Any CPU
		{9A733F6B-AAF2-4C34-9FE2-400339E7EA5E}.Debug|Any CPU.ActiveCfg = Debug|Any CPU
		{9A733F6B-AAF2-4C34-9FE2-400339E7EA5E}.Debug|Any CPU.Build.0 = Debug|Any CPU
		{9A733F6B-AAF2-4C34-9FE2-400339E7EA5E}.Release|Any CPU.ActiveCfg = Release|Any CPU
		{9A733F6B-AAF2-4C34-9FE2-400339E7EA5E}.Release|Any CPU.Build.0 = Release|Any CPU
		{D63AAD77-4296-4B35-9EB1-AB92FA5B39F7}.Debug|Any CPU.ActiveCfg = Debug|Any CPU
		{D63AAD77-4296-4B35-9EB1-AB92FA5B39F7}.Debug|Any CPU.Build.0 = Debug|Any CPU
		{D63AAD77-4296-4B35-9EB1-AB92FA5B39F7}.Release|Any CPU.ActiveCfg = Release|Any CPU
		{D63AAD77-4296-4B35-9EB1-AB92FA5B39F7}.Release|Any CPU.Build.0 = Release|Any CPU
		{2957D3B0-3462-4791-8EA3-973EB236D646}.Debug|Any CPU.ActiveCfg = Debug|Any CPU
		{2957D3B0-3462-4791-8EA3-973EB236D646}.Debug|Any CPU.Build.0 = Debug|Any CPU
		{2957D3B0-3462-4791-8EA3-973EB236D646}.Release|Any CPU.ActiveCfg = Release|Any CPU
		{2957D3B0-3462-4791-8EA3-973EB236D646}.Release|Any CPU.Build.0 = Release|Any CPU
		{50317986-E89E-4D39-88C0-6805A5B00C4A}.Debug|Any CPU.ActiveCfg = Debug|Any CPU
		{50317986-E89E-4D39-88C0-6805A5B00C4A}.Debug|Any CPU.Build.0 = Debug|Any CPU
		{50317986-E89E-4D39-88C0-6805A5B00C4A}.Release|Any CPU.ActiveCfg = Release|Any CPU
		{50317986-E89E-4D39-88C0-6805A5B00C4A}.Release|Any CPU.Build.0 = Release|Any CPU
		{05746107-ACAE-49B4-AD4D-5081348B1BB3}.Debug|Any CPU.ActiveCfg = Debug|Any CPU
		{05746107-ACAE-49B4-AD4D-5081348B1BB3}.Debug|Any CPU.Build.0 = Debug|Any CPU
		{05746107-ACAE-49B4-AD4D-5081348B1BB3}.Release|Any CPU.ActiveCfg = Release|Any CPU
		{05746107-ACAE-49B4-AD4D-5081348B1BB3}.Release|Any CPU.Build.0 = Release|Any CPU
		{50308519-4E96-4BB1-80B3-96510FBE926C}.Debug|Any CPU.ActiveCfg = Debug|Any CPU
		{50308519-4E96-4BB1-80B3-96510FBE926C}.Debug|Any CPU.Build.0 = Debug|Any CPU
		{50308519-4E96-4BB1-80B3-96510FBE926C}.Release|Any CPU.ActiveCfg = Release|Any CPU
		{50308519-4E96-4BB1-80B3-96510FBE926C}.Release|Any CPU.Build.0 = Release|Any CPU
		{DF18FF3A-7249-4CA7-9983-7B73358D27E0}.Debug|Any CPU.ActiveCfg = Debug|Any CPU
		{DF18FF3A-7249-4CA7-9983-7B73358D27E0}.Debug|Any CPU.Build.0 = Debug|Any CPU
		{DF18FF3A-7249-4CA7-9983-7B73358D27E0}.Release|Any CPU.ActiveCfg = Release|Any CPU
		{DF18FF3A-7249-4CA7-9983-7B73358D27E0}.Release|Any CPU.Build.0 = Release|Any CPU
		{E8CE77B3-E68C-4CEC-9AB1-B6ABCAF30115}.Debug|Any CPU.ActiveCfg = Debug|Any CPU
		{E8CE77B3-E68C-4CEC-9AB1-B6ABCAF30115}.Debug|Any CPU.Build.0 = Debug|Any CPU
		{E8CE77B3-E68C-4CEC-9AB1-B6ABCAF30115}.Release|Any CPU.ActiveCfg = Release|Any CPU
		{E8CE77B3-E68C-4CEC-9AB1-B6ABCAF30115}.Release|Any CPU.Build.0 = Release|Any CPU
		{2C23E75C-3E49-4596-A9A2-54ECF0C5CD27}.Debug|Any CPU.ActiveCfg = Debug|Any CPU
		{2C23E75C-3E49-4596-A9A2-54ECF0C5CD27}.Debug|Any CPU.Build.0 = Debug|Any CPU
		{2C23E75C-3E49-4596-A9A2-54ECF0C5CD27}.Release|Any CPU.ActiveCfg = Release|Any CPU
		{2C23E75C-3E49-4596-A9A2-54ECF0C5CD27}.Release|Any CPU.Build.0 = Release|Any CPU
		{B3A4A60D-AB0B-44D5-96B4-24E68F0A75B4}.Debug|Any CPU.ActiveCfg = Debug|Any CPU
		{B3A4A60D-AB0B-44D5-96B4-24E68F0A75B4}.Debug|Any CPU.Build.0 = Debug|Any CPU
		{B3A4A60D-AB0B-44D5-96B4-24E68F0A75B4}.Release|Any CPU.ActiveCfg = Release|Any CPU
		{B3A4A60D-AB0B-44D5-96B4-24E68F0A75B4}.Release|Any CPU.Build.0 = Release|Any CPU
		{8AF11E6F-0595-427E-A229-7B01B004B7F3}.Debug|Any CPU.ActiveCfg = Debug|Any CPU
		{8AF11E6F-0595-427E-A229-7B01B004B7F3}.Debug|Any CPU.Build.0 = Debug|Any CPU
		{8AF11E6F-0595-427E-A229-7B01B004B7F3}.Release|Any CPU.ActiveCfg = Release|Any CPU
		{8AF11E6F-0595-427E-A229-7B01B004B7F3}.Release|Any CPU.Build.0 = Release|Any CPU
		{EFBA5B68-79E9-4EAB-827A-7BC848A00FB1}.Debug|Any CPU.ActiveCfg = Debug|Any CPU
		{EFBA5B68-79E9-4EAB-827A-7BC848A00FB1}.Debug|Any CPU.Build.0 = Debug|Any CPU
		{EFBA5B68-79E9-4EAB-827A-7BC848A00FB1}.Release|Any CPU.ActiveCfg = Release|Any CPU
		{EFBA5B68-79E9-4EAB-827A-7BC848A00FB1}.Release|Any CPU.Build.0 = Release|Any CPU
		{37657606-1FE2-405B-B335-81588899897D}.Debug|Any CPU.ActiveCfg = Debug|Any CPU
		{37657606-1FE2-405B-B335-81588899897D}.Debug|Any CPU.Build.0 = Debug|Any CPU
		{37657606-1FE2-405B-B335-81588899897D}.Release|Any CPU.ActiveCfg = Release|Any CPU
		{37657606-1FE2-405B-B335-81588899897D}.Release|Any CPU.Build.0 = Release|Any CPU
		{1AF05DE1-57E8-46C5-B783-885E22290E45}.Debug|Any CPU.ActiveCfg = Debug|Any CPU
		{1AF05DE1-57E8-46C5-B783-885E22290E45}.Debug|Any CPU.Build.0 = Debug|Any CPU
		{1AF05DE1-57E8-46C5-B783-885E22290E45}.Release|Any CPU.ActiveCfg = Release|Any CPU
		{1AF05DE1-57E8-46C5-B783-885E22290E45}.Release|Any CPU.Build.0 = Release|Any CPU
		{2E153186-BD9A-463E-A54B-29E50B5D00A2}.Debug|Any CPU.ActiveCfg = Debug|Any CPU
		{2E153186-BD9A-463E-A54B-29E50B5D00A2}.Debug|Any CPU.Build.0 = Debug|Any CPU
		{2E153186-BD9A-463E-A54B-29E50B5D00A2}.Release|Any CPU.ActiveCfg = Release|Any CPU
		{2E153186-BD9A-463E-A54B-29E50B5D00A2}.Release|Any CPU.Build.0 = Release|Any CPU
		{82530D97-C810-4CD2-B233-5E6CF2D358D6}.Debug|Any CPU.ActiveCfg = Debug|Any CPU
		{82530D97-C810-4CD2-B233-5E6CF2D358D6}.Debug|Any CPU.Build.0 = Debug|Any CPU
		{82530D97-C810-4CD2-B233-5E6CF2D358D6}.Release|Any CPU.ActiveCfg = Release|Any CPU
		{82530D97-C810-4CD2-B233-5E6CF2D358D6}.Release|Any CPU.Build.0 = Release|Any CPU
		{0571D84E-5901-46CE-B39A-2F7C9E7C25C3}.Debug|Any CPU.ActiveCfg = Debug|Any CPU
		{0571D84E-5901-46CE-B39A-2F7C9E7C25C3}.Debug|Any CPU.Build.0 = Debug|Any CPU
		{0571D84E-5901-46CE-B39A-2F7C9E7C25C3}.Release|Any CPU.ActiveCfg = Release|Any CPU
		{0571D84E-5901-46CE-B39A-2F7C9E7C25C3}.Release|Any CPU.Build.0 = Release|Any CPU
		{0298C7F5-9210-4A79-B7D7-AD48978E4E91}.Debug|Any CPU.ActiveCfg = Debug|Any CPU
		{0298C7F5-9210-4A79-B7D7-AD48978E4E91}.Debug|Any CPU.Build.0 = Debug|Any CPU
		{0298C7F5-9210-4A79-B7D7-AD48978E4E91}.Release|Any CPU.ActiveCfg = Release|Any CPU
		{0298C7F5-9210-4A79-B7D7-AD48978E4E91}.Release|Any CPU.Build.0 = Release|Any CPU
	EndGlobalSection
	GlobalSection(SolutionProperties) = preSolution
		HideSolutionNode = FALSE
	EndGlobalSection
	GlobalSection(NestedProjects) = preSolution
		{CD1BB72E-8EF1-49B4-9DD7-0398150BF90E} = {760C65C2-E3A0-4E84-AEC2-FA5BBF017953}
		{4EB3F416-C61B-4551-90FE-8D4E69B4D0DE} = {CD1BB72E-8EF1-49B4-9DD7-0398150BF90E}
		{CDEE4DEB-C38B-4D59-BD1C-4595A41AC342} = {CD1BB72E-8EF1-49B4-9DD7-0398150BF90E}
		{3BD1AEF1-F25A-4A45-9EA2-8D0B91BD4E1D} = {760C65C2-E3A0-4E84-AEC2-FA5BBF017953}
		{D63AAD77-4296-4B35-9EB1-AB92FA5B39F7} = {3BD1AEF1-F25A-4A45-9EA2-8D0B91BD4E1D}
		{2957D3B0-3462-4791-8EA3-973EB236D646} = {3BD1AEF1-F25A-4A45-9EA2-8D0B91BD4E1D}
		{5A009D6C-77D9-42DE-ADAC-25C0086F37DE} = {760C65C2-E3A0-4E84-AEC2-FA5BBF017953}
		{50317986-E89E-4D39-88C0-6805A5B00C4A} = {5A009D6C-77D9-42DE-ADAC-25C0086F37DE}
		{05746107-ACAE-49B4-AD4D-5081348B1BB3} = {5A009D6C-77D9-42DE-ADAC-25C0086F37DE}
		{50308519-4E96-4BB1-80B3-96510FBE926C} = {5A009D6C-77D9-42DE-ADAC-25C0086F37DE}
		{CB8F45C3-4316-4465-A123-F5C2FA1D612B} = {760C65C2-E3A0-4E84-AEC2-FA5BBF017953}
		{DF18FF3A-7249-4CA7-9983-7B73358D27E0} = {CB8F45C3-4316-4465-A123-F5C2FA1D612B}
		{E8CE77B3-E68C-4CEC-9AB1-B6ABCAF30115} = {CB8F45C3-4316-4465-A123-F5C2FA1D612B}
		{2C23E75C-3E49-4596-A9A2-54ECF0C5CD27} = {CB8F45C3-4316-4465-A123-F5C2FA1D612B}
		{B3A4A60D-AB0B-44D5-96B4-24E68F0A75B4} = {CB8F45C3-4316-4465-A123-F5C2FA1D612B}
		{8AF11E6F-0595-427E-A229-7B01B004B7F3} = {376D5919-7217-44E1-A486-C745A6A6DC3C}
		{EFBA5B68-79E9-4EAB-827A-7BC848A00FB1} = {E0EF4167-04FA-4258-A4D3-A6E26D457B2E}
		{37657606-1FE2-405B-B335-81588899897D} = {C27EC66B-63F0-42FF-9557-7CE38E1D8833}
		{1AF05DE1-57E8-46C5-B783-885E22290E45} = {376D5919-7217-44E1-A486-C745A6A6DC3C}
		{2E153186-BD9A-463E-A54B-29E50B5D00A2} = {E0EF4167-04FA-4258-A4D3-A6E26D457B2E}
		{12A44C72-6943-47DA-979E-2443C2B2FA36} = {C27EC66B-63F0-42FF-9557-7CE38E1D8833}
		{58B97A96-12AC-40AF-B03D-3D2249B37C4F} = {760C65C2-E3A0-4E84-AEC2-FA5BBF017953}
		{5D43B5DA-1495-4943-887A-5C94475F32AC} = {760C65C2-E3A0-4E84-AEC2-FA5BBF017953}
		{00D1846E-E7EB-4B84-ABAB-C76900ED88A1} = {760C65C2-E3A0-4E84-AEC2-FA5BBF017953}
		{C8FF6F62-B20C-4DC2-8462-5F25211999D7} = {760C65C2-E3A0-4E84-AEC2-FA5BBF017953}
		{82530D97-C810-4CD2-B233-5E6CF2D358D6} = {00D1846E-E7EB-4B84-ABAB-C76900ED88A1}
		{0571D84E-5901-46CE-B39A-2F7C9E7C25C3} = {C8FF6F62-B20C-4DC2-8462-5F25211999D7}
		{0298C7F5-9210-4A79-B7D7-AD48978E4E91} = {58B97A96-12AC-40AF-B03D-3D2249B37C4F}
	EndGlobalSection
	GlobalSection(ExtensibilityGlobals) = postSolution
		SolutionGuid = {88FFFC32-4AC5-49E1-B00B-EC5AA024BE5E}
	EndGlobalSection
EndGlobal
